
Microsoft Visual Studio Solution File, Format Version 12.00
# Visual Studio Version 16
VisualStudioVersion = 16.0.29411.108
MinimumVisualStudioVersion = 10.0.40219.1
Project("{8BC9CEB8-8B4A-11D0-8D11-00A0C91BC942}") = "301CR GAME", "301CR GAME\301CR GAME.vcxproj", "{D88F4C82-4450-46DF-973E-904DC1201AA1}"
EndProject
Global
	GlobalSection(SolutionConfigurationPlatforms) = preSolution
		Debug|x64 = Debug|x64
		Debug|x86 = Debug|x86
		Release|x64 = Release|x64
		Release|x86 = Release|x86
	EndGlobalSection
	GlobalSection(ProjectConfigurationPlatforms) = postSolution
		{D88F4C82-4450-46DF-973E-904DC1201AA1}.Debug|x64.ActiveCfg = Debug|x64
		{D88F4C82-4450-46DF-973E-904DC1201AA1}.Debug|x64.Build.0 = Debug|x64
		{D88F4C82-4450-46DF-973E-904DC1201AA1}.Debug|x86.ActiveCfg = Debug|Win32
		{D88F4C82-4450-46DF-973E-904DC1201AA1}.Debug|x86.Build.0 = Debug|Win32
		{D88F4C82-4450-46DF-973E-904DC1201AA1}.Release|x64.ActiveCfg = Release|x64
		{D88F4C82-4450-46DF-973E-904DC1201AA1}.Release|x64.Build.0 = Release|x64
		{D88F4C82-4450-46DF-973E-904DC1201AA1}.Release|x86.ActiveCfg = Release|Win32
		{D88F4C82-4450-46DF-973E-904DC1201AA1}.Release|x86.Build.0 = Release|Win32
	EndGlobalSection
	GlobalSection(SolutionProperties) = preSolution
		HideSolutionNode = FALSE
	EndGlobalSection
	GlobalSection(ExtensibilityGlobals) = postSolution
		SolutionGuid = {FD0794A6-2F28-4A22-9416-D7FF742E3CE7}
	EndGlobalSection
EndGlobal
